Microsoft Visual Studio Solution File, Format Version 12.00
# Visual Studio Version 16
VisualStudioVersion = 16.0.0.0
MinimumVisualStudioVersion = 16.0.0.0
Project("{9A19103F-16F7-4668-BE54-9A1E7A4F7556}") = "FarmManagement", "FarmManagement\FarmManagement.csproj", "{FB35DA38-9281-42DA-9828-A352B8F8CEF8}"
EndProject
Project("{9A19103F-16F7-4668-BE54-9A1E7A4F7556}") = "FarmManagement.Client", "FarmManagement.Client\FarmManagement.Client.csproj", "{296B4E8D-CE48-42D6-9F49-AF4D2175E45C}"
EndProject
Global
	GlobalSection(SolutionConfigurationPlatforms) = preSolution
		Debug|Any CPU = Debug|Any CPU
		Debug|x64 = Debug|x64
		Debug|x86 = Debug|x86
		Release|Any CPU = Release|Any CPU
		Release|x64 = Release|x64
		Release|x86 = Release|x86
	EndGlobalSection
	GlobalSection(ProjectConfigurationPlatforms) = postSolution
		{296B4E8D-CE48-42D6-9F49-AF4D2175E45C}.Debug|Any CPU.ActiveCfg = Debug|Any CPU
		{296B4E8D-CE48-42D6-9F49-AF4D2175E45C}.Debug|Any CPU.Build.0 = Debug|Any CPU
		{296B4E8D-CE48-42D6-9F49-AF4D2175E45C}.Debug|x64.ActiveCfg = Debug|Any CPU
		{296B4E8D-CE48-42D6-9F49-AF4D2175E45C}.Debug|x64.Build.0 = Debug|Any CPU
		{296B4E8D-CE48-42D6-9F49-AF4D2175E45C}.Debug|x86.ActiveCfg = Debug|Any CPU
		{296B4E8D-CE48-42D6-9F49-AF4D2175E45C}.Debug|x86.Build.0 = Debug|Any CPU
		{296B4E8D-CE48-42D6-9F49-AF4D2175E45C}.Release|Any CPU.ActiveCfg = Release|Any CPU
		{296B4E8D-CE48-42D6-9F49-AF4D2175E45C}.Release|Any CPU.Build.0 = Release|Any CPU
		{296B4E8D-CE48-42D6-9F49-AF4D2175E45C}.Release|x64.ActiveCfg = Release|Any CPU
		{296B4E8D-CE48-42D6-9F49-AF4D2175E45C}.Release|x64.Build.0 = Release|Any CPU
		{296B4E8D-CE48-42D6-9F49-AF4D2175E45C}.Release|x86.ActiveCfg = Release|Any CPU
		{296B4E8D-CE48-42D6-9F49-AF4D2175E45C}.Release|x86.Build.0 = Release|Any CPU
		{FB35DA38-9281-42DA-9828-A352B8F8CEF8}.Debug|Any CPU.ActiveCfg = Debug|Any CPU
		{FB35DA38-9281-42DA-9828-A352B8F8CEF8}.Debug|Any CPU.Build.0 = Debug|Any CPU
		{FB35DA38-9281-42DA-9828-A352B8F8CEF8}.Debug|x64.ActiveCfg = Debug|Any CPU
		{FB35DA38-9281-42DA-9828-A352B8F8CEF8}.Debug|x64.Build.0 = Debug|Any CPU
		{FB35DA38-9281-42DA-9828-A352B8F8CEF8}.Debug|x86.ActiveCfg = Debug|Any CPU
		{FB35DA38-9281-42DA-9828-A352B8F8CEF8}.Debug|x86.Build.0 = Debug|Any CPU
		{FB35DA38-9281-42DA-9828-A352B8F8CEF8}.Release|Any CPU.ActiveCfg = Release|Any CPU
		{FB35DA38-9281-42DA-9828-A352B8F8CEF8}.Release|Any CPU.Build.0 = Release|Any CPU
		{FB35DA38-9281-42DA-9828-A352B8F8CEF8}.Release|x64.ActiveCfg = Release|Any CPU
		{FB35DA38-9281-42DA-9828-A352B8F8CEF8}.Release|x64.Build.0 = Release|Any CPU
		{FB35DA38-9281-42DA-9828-A352B8F8CEF8}.Release|x86.ActiveCfg = Release|Any CPU
		{FB35DA38-9281-42DA-9828-A352B8F8CEF8}.Release|x86.Build.0 = Release|Any CPU
	EndGlobalSection
	GlobalSection(SolutionProperties) = preSolution
		HideSolutionNode = FALSE
	EndGlobalSection
	GlobalSection(ExtensibilityGlobals) = postSolution
		SolutionGuid = {298F04A2-AB1F-47A6-B447-C84AC296CE07}
	EndGlobalSection
EndGlobal
